
Microsoft Visual Studio Solution File, Format Version 12.00
# Visual Studio Version 17
VisualStudioVersion = 17.11.35327.3
MinimumVisualStudioVersion = 10.0.40219.1
Project("{FAE04EC0-301F-11D3-BF4B-00C04F79EFBC}") = "arrays-study", "arrays-study\arrays-study.csproj", "{7D7EC281-1524-4551-B312-608ED9CDEC3E}"
EndProject
Global
	GlobalSection(SolutionConfigurationPlatforms) = preSolution
		Debug|Any CPU = Debug|Any CPU
		Release|Any CPU = Release|Any CPU
	EndGlobalSection
	GlobalSection(ProjectConfigurationPlatforms) = postSolution
		{7D7EC281-1524-4551-B312-608ED9CDEC3E}.Debug|Any CPU.ActiveCfg = Debug|Any CPU
		{7D7EC281-1524-4551-B312-608ED9CDEC3E}.Debug|Any CPU.Build.0 = Debug|Any CPU
		{7D7EC281-1524-4551-B312-608ED9CDEC3E}.Release|Any CPU.ActiveCfg = Release|Any CPU
		{7D7EC281-1524-4551-B312-608ED9CDEC3E}.Release|Any CPU.Build.0 = Release|Any CPU
	EndGlobalSection
	GlobalSection(SolutionProperties) = preSolution
		HideSolutionNode = FALSE
	EndGlobalSection
	GlobalSection(ExtensibilityGlobals) = postSolution
		SolutionGuid = {FAB8A35B-143B-42CB-A965-B3EA5225E12E}
	EndGlobalSection
EndGlobal
